// !$*UTF8*$!
{
	archiveVersion = 1;
	classes = {
	};
	objectVersion = 50;
	objects = {

/* Begin PBXBuildFile section */
		D7170ADC2639F61100144CCB /* MyEnvironmentApp.swift in Sources */ = {isa = PBXBuildFile; fileRef = D7170ADB2639F61100144CCB /* MyEnvironmentApp.swift */; };
		D7170ADE2639F61100144CCB /* ContentView.swift in Sources */ = {isa = PBXBuildFile; fileRef = D7170ADD2639F61100144CCB /* ContentView.swift */; };
		D7170AE02639F61600144CCB /* Assets.xcassets in Resources */ = {isa = PBXBuildFile; fileRef = D7170ADF2639F61600144CCB /* Assets.xcassets */; };
		D7170AE32639F61600144CCB /* Preview Assets.xcassets in Resources */ = {isa = PBXBuildFile; fileRef = D7170AE22639F61600144CCB /* Preview Assets.xcassets */; };
		D7170AED263A015500144CCB /* HomeScreen.swift in Sources */ = {isa = PBXBuildFile; fileRef = D7170AEC263A015500144CCB /* HomeScreen.swift */; };
		D7170AF0263A017500144CCB /* SettingsScreen.swift in Sources */ = {isa = PBXBuildFile; fileRef = D7170AEF263A017500144CCB /* SettingsScreen.swift */; };
		D7170AF3263A044F00144CCB /* AppTheme.swift in Sources */ = {isa = PBXBuildFile; fileRef = D7170AF2263A044F00144CCB /* AppTheme.swift */; };
/* End PBXBuildFile section */

/* Begin PBXFileReference section */
		D7170AD82639F61100144CCB /* MyEnvironment.app */ = {isa = PBXFileReference; explicitFileType = wrapper.application; includeInIndex = 0; path = MyEnvironment.app; sourceTree = BUILT_PRODUCTS_DIR; };
		D7170ADB2639F61100144CCB /* MyEnvironmentApp.swift */ = {isa = PBXFileReference; lastKnownFileType = sourcecode.swift; path = MyEnvironmentApp.swift; sourceTree = "<group>"; };
		D7170ADD2639F61100144CCB /* ContentView.swift */ = {isa = PBXFileReference; lastKnownFileType = sourcecode.swift; path = ContentView.swift; sourceTree = "<group>"; };
		D7170ADF2639F61600144CCB /* Assets.xcassets */ = {isa = PBXFileReference; lastKnownFileType = folder.assetcatalog; path = Assets.xcassets; sourceTree = "<group>"; };
		D7170AE22639F61600144CCB /* Preview Assets.xcassets */ = {isa = PBXFileReference; lastKnownFileType = folder.assetcatalog; path = "Preview Assets.xcassets"; sourceTree = "<group>"; };
		D7170AE42639F61600144CCB /* Info.plist */ = {isa = PBXFileReference; lastKnownFileType = text.plist.xml; path = Info.plist; sourceTree = "<group>"; };
		D7170AEC263A015500144CCB /* HomeScreen.swift */ = {isa = PBXFileReference; lastKnownFileType = sourcecode.swift; path = HomeScreen.swift; sourceTree = "<group>"; };
		D7170AEF263A017500144CCB /* SettingsScreen.swift */ = {isa = PBXFileReference; lastKnownFileType = sourcecode.swift; path = SettingsScreen.swift; sourceTree = "<group>"; };
		D7170AF2263A044F00144CCB /* AppTheme.swift */ = {isa = PBXFileReference; lastKnownFileType = sourcecode.swift; path = AppTheme.swift; sourceTree = "<group>"; };
/* End PBXFileReference section */

/* Begin PBXFrameworksBuildPhase section */
		D7170AD52639F61100144CCB /* Frameworks */ = {
			isa = PBXFrameworksBuildPhase;
			buildActionMask = 2147483647;
			files = (
			);
			runOnlyForDeploymentPostprocessing = 0;
		};
/* End PBXFrameworksBuildPhase section */

/* Begin PBXGroup section */
		D7170ACF2639F61100144CCB = {
			isa = PBXGroup;
			children = (
				D7170ADA2639F61100144CCB /* MyEnvironment */,
				D7170AD92639F61100144CCB /* Products */,
			);
			sourceTree = "<group>";
		};
		D7170AD92639F61100144CCB /* Products */ = {
			isa = PBXGroup;
			children = (
				D7170AD82639F61100144CCB /* MyEnvironment.app */,
			);
			name = Products;
			sourceTree = "<group>";
		};
		D7170ADA2639F61100144CCB /* MyEnvironment */ = {
			isa = PBXGroup;
			children = (
				D7170AEB263A013400144CCB /* Screens */,
				D7170ADB2639F61100144CCB /* MyEnvironmentApp.swift */,
				D7170ADD2639F61100144CCB /* ContentView.swift */,
				D7170ADF2639F61600144CCB /* Assets.xcassets */,
				D7170AE42639F61600144CCB /* Info.plist */,
				D7170AE12639F61600144CCB /* Preview Content */,
				D7170AF2263A044F00144CCB /* AppTheme.swift */,
			);
			path = MyEnvironment;
			sourceTree = "<group>";
		};
		D7170AE12639F61600144CCB /* Preview Content */ = {
			isa = PBXGroup;
			children = (
				D7170AE22639F61600144CCB /* Preview Assets.xcassets */,
			);
			path = "Preview Content";
			sourceTree = "<group>";
		};
		D7170AEB263A013400144CCB /* Screens */ = {
			isa = PBXGroup;
			children = (
				D7170AEC263A015500144CCB /* HomeScreen.swift */,
				D7170AEF263A017500144CCB /* SettingsScreen.swift */,
			);
			path = Screens;
			sourceTree = "<group>";
		};
/* End PBXGroup section */

/* Begin PBXNativeTarget section */
		D7170AD72639F61100144CCB /* MyEnvironment */ = {
			isa = PBXNativeTarget;
			buildConfigurationList = D7170AE72639F61600144CCB /* Build configuration list for PBXNativeTarget "MyEnvironment" */;
			buildPhases = (
				D7170AD42639F61100144CCB /* Sources */,
				D7170AD52639F61100144CCB /* Frameworks */,
				D7170AD62639F61100144CCB /* Resources */,
			);
			buildRules = (
			);
			dependencies = (
			);
			name = MyEnvironment;
			productName = MyEnvironment;
			productReference = D7170AD82639F61100144CCB /* MyEnvironment.app */;
			productType = "com.apple.product-type.application";
		};
/* End PBXNativeTarget section */

/* Begin PBXProject section */
		D7170AD02639F61100144CCB /* Project object */ = {
			isa = PBXProject;
			attributes = {
				LastSwiftUpdateCheck = 1240;
				LastUpgradeCheck = 1240;
				TargetAttributes = {
					D7170AD72639F61100144CCB = {
						CreatedOnToolsVersion = 12.4;
					};
				};
			};
			buildConfigurationList = D7170AD32639F61100144CCB /* Build configuration list for PBXProject "MyEnvironment" */;
			compatibilityVersion = "Xcode 9.3";
			developmentRegion = en;
			hasScannedForEncodings = 0;
			knownRegions = (
				en,
				Base,
			);
			mainGroup = D7170ACF2639F61100144CCB;
			productRefGroup = D7170AD92639F61100144CCB /* Products */;
			projectDirPath = "";
			projectRoot = "";
			targets = (
				D7170AD72639F61100144CCB /* MyEnvironment */,
			);
		};
/* End PBXProject section */

/* Begin PBXResourcesBuildPhase section */
		D7170AD62639F61100144CCB /* Resources */ = {
			isa = PBXResourcesBuildPhase;
			buildActionMask = 2147483647;
			files = (
				D7170AE32639F61600144CCB /* Preview Assets.xcassets in Resources */,
				D7170AE02639F61600144CCB /* Assets.xcassets in Resources */,
			);
			runOnlyForDeploymentPostprocessing = 0;
		};
/* End PBXResourcesBuildPhase section */

/* Begin PBXSourcesBuildPhase section */
		D7170AD42639F61100144CCB /* Sources */ = {
			isa = PBXSourcesBuildPhase;
			buildActionMask = 2147483647;
			files = (
				D7170AF0263A017500144CCB /* SettingsScreen.swift in Sources */,
				D7170ADE2639F61100144CCB /* ContentView.swift in Sources */,
				D7170ADC2639F61100144CCB /* MyEnvironmentApp.swift in Sources */,
				D7170AED263A015500144CCB /* HomeScreen.swift in Sources */,
				D7170AF3263A044F00144CCB /* AppTheme.swift in Sources */,
			);
			runOnlyForDeploymentPostprocessing = 0;
		};
/* End PBXSourcesBuildPhase section */

/* Begin XCBuildConfiguration section */
		D7170AE52639F61600144CCB /* Debug */ = {
			isa = XCBuildConfiguration;
			buildSettings = {
				ALWAYS_SEARCH_USER_PATHS = NO;
				CLANG_ANALYZER_NONNULL = YES;
				CLANG_ANALYZER_NUMBER_OBJECT_CONVERSION = YES_AGGRESSIVE;
				CLANG_CXX_LANGUAGE_STANDARD = "gnu++14";
				CLANG_CXX_LIBRARY = "libc++";
				CLANG_ENABLE_MODULES = YES;
				CLANG_ENABLE_OBJC_ARC = YES;
				CLANG_ENABLE_OBJC_WEAK = YES;
				CLANG_WARN_BLOCK_CAPTURE_AUTORELEASING = YES;
				CLANG_WARN_BOOL_CONVERSION = YES;
				CLANG_WARN_COMMA = YES;
				CLANG_WARN_CONSTANT_CONVERSION = YES;
				CLANG_WARN_DEPRECATED_OBJC_IMPLEMENTATIONS = YES;
				CLANG_WARN_DIRECT_OBJC_ISA_USAGE = YES_ERROR;
				CLANG_WARN_DOCUMENTATION_COMMENTS = YES;
				CLANG_WARN_EMPTY_BODY = YES;
				CLANG_WARN_ENUM_CONVERSION = YES;
				CLANG_WARN_INFINITE_RECURSION = YES;
				CLANG_WARN_INT_CONVERSION = YES;
				CLANG_WARN_NON_LITERAL_NULL_CONVERSION = YES;
				CLANG_WARN_OBJC_IMPLICIT_RETAIN_SELF = YES;
				CLANG_WARN_OBJC_LITERAL_CONVERSION = YES;
				CLANG_WARN_OBJC_ROOT_CLASS = YES_ERROR;
				CLANG_WARN_QUOTED_INCLUDE_IN_FRAMEWORK_HEADER = YES;
				CLANG_WARN_RANGE_LOOP_ANALYSIS = YES;
				CLANG_WARN_STRICT_PROTOTYPES = YES;
				CLANG_WARN_SUSPICIOUS_MOVE = YES;
				CLANG_WARN_UNGUARDED_AVAILABILITY = YES_AGGRESSIVE;
				CLANG_WARN_UNREACHABLE_CODE = YES;
				CLANG_WARN__DUPLICATE_METHOD_MATCH = YES;
				COPY_PHASE_STRIP = NO;
				DEBUG_INFORMATION_FORMAT = dwarf;
				ENABLE_STRICT_OBJC_MSGSEND = YES;
				ENABLE_TESTABILITY = YES;
				GCC_C_LANGUAGE_STANDARD = gnu11;
				GCC_DYNAMIC_NO_PIC = NO;
				GCC_NO_COMMON_BLOCKS = YES;
				GCC_OPTIMIZATION_LEVEL = 0;
				GCC_PREPROCESSOR_DEFINITIONS = (
					"DEBUG=1",
					"$(inherited)",
				);
				GCC_WARN_64_TO_32_BIT_CONVERSION = YES;
				GCC_WARN_ABOUT_RETURN_TYPE = YES_ERROR;
				GCC_WARN_UNDECLARED_SELECTOR = YES;
				GCC_WARN_UNINITIALIZED_AUTOS = YES_AGGRESSIVE;
				GCC_WARN_UNUSED_FUNCTION = YES;
				GCC_WARN_UNUSED_VARIABLE = YES;
				IPHONEOS_DEPLOYMENT_TARGET = 14.4;
				MTL_ENABLE_DEBUG_INFO = INCLUDE_SOURCE;
				MTL_FAST_MATH = YES;
				ONLY_ACTIVE_ARCH = YES;
				SDKROOT = iphoneos;
				SWIFT_ACTIVE_COMPILATION_CONDITIONS = DEBUG;
				SWIFT_OPTIMIZATION_LEVEL = "-Onone";
			};
			name = Debug;
		};
		D7170AE62639F61600144CCB /* Release */ = {
			isa = XCBuildConfiguration;
			buildSettings = {
				ALWAYS_SEARCH_USER_PATHS = NO;
				CLANG_ANALYZER_NONNULL = YES;
				CLANG_ANALYZER_NUMBER_OBJECT_CONVERSION = YES_AGGRESSIVE;
				CLANG_CXX_LANGUAGE_STANDARD = "gnu++14";
				CLANG_CXX_LIBRARY = "libc++";
				CLANG_ENABLE_MODULES = YES;
				CLANG_ENABLE_OBJC_ARC = YES;
				CLANG_ENABLE_OBJC_WEAK = YES;
				CLANG_WARN_BLOCK_CAPTURE_AUTORELEASING = YES;
				CLANG_WARN_BOOL_CONVERSION = YES;
				CLANG_WARN_COMMA = YES;
				CLANG_WARN_CONSTANT_CONVERSION = YES;
				CLANG_WARN_DEPRECATED_OBJC_IMPLEMENTATIONS = YES;
				CLANG_WARN_DIRECT_OBJC_ISA_USAGE = YES_ERROR;
				CLANG_WARN_DOCUMENTATION_COMMENTS = YES;
				CLANG_WARN_EMPTY_BODY = YES;
				CLANG_WARN_ENUM_CONVERSION = YES;
				CLANG_WARN_INFINITE_RECURSION = YES;
				CLANG_WARN_INT_CONVERSION = YES;
				CLANG_WARN_NON_LITERAL_NULL_CONVERSION = YES;
				CLANG_WARN_OBJC_IMPLICIT_RETAIN_SELF = YES;
				CLANG_WARN_OBJC_LITERAL_CONVERSION = YES;
				CLANG_WARN_OBJC_ROOT_CLASS = YES_ERROR;
				CLANG_WARN_QUOTED_INCLUDE_IN_FRAMEWORK_HEADER = YES;
				CLANG_WARN_RANGE_LOOP_ANALYSIS = YES;
				CLANG_WARN_STRICT_PROTOTYPES = YES;
				CLANG_WARN_SUSPICIOUS_MOVE = YES;
				CLANG_WARN_UNGUARDED_AVAILABILITY = YES_AGGRESSIVE;
				CLANG_WARN_UNREACHABLE_CODE = YES;
				CLANG_WARN__DUPLICATE_METHOD_MATCH = YES;
				COPY_PHASE_STRIP = NO;
				DEBUG_INFORMATION_FORMAT = "dwarf-with-dsym";
				ENABLE_NS_ASSERTIONS = NO;
				ENABLE_STRICT_OBJC_MSGSEND = YES;
				GCC_C_LANGUAGE_STANDARD = gnu11;
				GCC_NO_COMMON_BLOCKS = YES;
				GCC_WARN_64_TO_32_BIT_CONVERSION = YES;
				GCC_WARN_ABOUT_RETURN_TYPE = YES_ERROR;
				GCC_WARN_UNDECLARED_SELECTOR = YES;
				GCC_WARN_UNINITIALIZED_AUTOS = YES_AGGRESSIVE;
				GCC_WARN_UNUSED_FUNCTION = YES;
				GCC_WARN_UNUSED_VARIABLE = YES;
				IPHONEOS_DEPLOYMENT_TARGET = 14.4;
				MTL_ENABLE_DEBUG_INFO = NO;
				MTL_FAST_MATH = YES;
				SDKROOT = iphoneos;
				SWIFT_COMPILATION_MODE = wholemodule;
				SWIFT_OPTIMIZATION_LEVEL = "-O";
				VALIDATE_PRODUCT = YES;
			};
			name = Release;
		};
		D7170AE82639F61600144CCB /* Debug */ = {
			isa = XCBuildConfiguration;
			buildSettings = {
				ASSETCATALOG_COMPILER_APPICON_NAME = AppIcon;
				ASSETCATALOG_COMPILER_GLOBAL_ACCENT_COLOR_NAME = AccentColor;
				CODE_SIGN_STYLE = Automatic;
				DEVELOPMENT_ASSET_PATHS = "\"MyEnvironment/Preview Content\"";
				DEVELOPMENT_TEAM = 5G8Y79X7ML;
				ENABLE_PREVIEWS = YES;
				INFOPLIST_FILE = MyEnvironment/Info.plist;
				IPHONEOS_DEPLOYMENT_TARGET = 14.0;
				LD_RUNPATH_SEARCH_PATHS = (
					"$(inherited)",
					"@executable_path/Frameworks",
				);
				PRODUCT_BUNDLE_IDENTIFIER = com.desiree.jallow.MyEnvironment;
				PRODUCT_NAME = "$(TARGET_NAME)";
				SWIFT_VERSION = 5.0;
				TARGETED_DEVICE_FAMILY = "1,2";
			};
			name = Debug;
		};
		D7170AE92639F61600144CCB /* Release */ = {
			isa = XCBuildConfiguration;
			buildSettings = {
				ASSETCATALOG_COMPILER_APPICON_NAME = AppIcon;
				ASSETCATALOG_COMPILER_GLOBAL_ACCENT_COLOR_NAME = AccentColor;
				CODE_SIGN_STYLE = Automatic;
				DEVELOPMENT_ASSET_PATHS = "\"MyEnvironment/Preview Content\"";
				DEVELOPMENT_TEAM = 5G8Y79X7ML;
				ENABLE_PREVIEWS = YES;
				INFOPLIST_FILE = MyEnvironment/Info.plist;
				IPHONEOS_DEPLOYMENT_TARGET = 14.0;
				LD_RUNPATH_SEARCH_PATHS = (
					"$(inherited)",
					"@executable_path/Frameworks",
				);
				PRODUCT_BUNDLE_IDENTIFIER = com.desiree.jallow.MyEnvironment;
				PRODUCT_NAME = "$(TARGET_NAME)";
				SWIFT_VERSION = 5.0;
				TARGETED_DEVICE_FAMILY = "1,2";
			};
			name = Release;
		};
/* End XCBuildConfiguration section */

/* Begin XCConfigurationList section */
		D7170AD32639F61100144CCB /* Build configuration list for PBXProject "MyEnvironment" */ = {
			isa = XCConfigurationList;
			buildConfigurations = (
				D7170AE52639F61600144CCB /* Debug */,
				D7170AE62639F61600144CCB /* Release */,
			);
			defaultConfigurationIsVisible = 0;
			defaultConfigurationName = Release;
		};
		D7170AE72639F61600144CCB /* Build configuration list for PBXNativeTarget "MyEnvironment" */ = {
			isa = XCConfigurationList;
			buildConfigurations = (
				D7170AE82639F61600144CCB /* Debug */,
				D7170AE92639F61600144CCB /* Release */,
			);
			defaultConfigurationIsVisible = 0;
			defaultConfigurationName = Release;
		};
/* End XCConfigurationList section */
	};
	rootObject = D7170AD02639F61100144CCB /* Project object */;
}
